{
  "version": "1",
  "sources": {
    "catppuccin-sddm": {
      "type": "GitHub",
      "fetchType": "tarball",
      "owner": "catppuccin",
      "repo": "where-is-my-sddm-theme",
      "branch": "main",
      "revision": "82a36df79ab596b9fbe85c86d3c2f3a1e39433af",
      "url": "https://github.com/catppuccin/where-is-my-sddm-theme/archive/82a36df79ab596b9fbe85c86d3c2f3a1e39433af.tar.gz",
      "hash": "sha256-f6d7bJoSbFzEhAIfilxNLQGtAMQWTtUTube/pTqP7AY="
    },
    "colmena": {
      "type": "GitHub",
      "fetchType": "tarball",
      "owner": "zhaofengli",
      "repo": "colmena",
      "branch": "stable",
      "revision": "5fdd743a11e7291bd8ac1e169d62ba6156c99be4",
      "url": "https://github.com/zhaofengli/colmena/archive/5fdd743a11e7291bd8ac1e169d62ba6156c99be4.tar.gz",
      "hash": "sha256-01bfuSY4gnshhtqA1EJCw2CMsKkAx+dHS+sEpQ2+EAQ="
    },
    "disko": {
      "type": "GitHub",
      "fetchType": "tarball",
      "owner": "nix-community",
      "repo": "disko",
      "branch": "master",
      "revision": "4707eec8d1d2db5182ea06ed48c820a86a42dc13",
      "url": "https://github.com/nix-community/disko/archive/4707eec8d1d2db5182ea06ed48c820a86a42dc13.tar.gz",
      "hash": "sha256-GnqdqhrguKNN3HtVfl6z+zbV9R9jhHFm3Z8nu7R6ml0="
    },
    "flake-compat": {
      "type": "GitHub",
      "fetchType": "tarball",
      "owner": "nixos",
      "repo": "flake-compat",
      "branch": "master",
      "revision": "5edf11c44bc78a0d334f6334cdaf7d60d732daab",
      "url": "https://github.com/nixos/flake-compat/archive/5edf11c44bc78a0d334f6334cdaf7d60d732daab.tar.gz",
      "hash": "sha256-vNpUSpF5Nuw8xvDLj2KCwwksIbjua2LZCqhV1LNRDns="
    },
    "home-manager": {
      "type": "GitHub",
      "fetchType": "tarball",
      "owner": "nix-community",
      "repo": "home-manager",
      "branch": "release-25.11",
      "revision": "0d782ee42c86b196acff08acfbf41bb7d13eed5b",
      "url": "https://github.com/nix-community/home-manager/archive/0d782ee42c86b196acff08acfbf41bb7d13eed5b.tar.gz",
      "hash": "sha256-3iVX1+7YUIt23hBx1WZsUllhbmP2EnXrV8tCRbLxHc8="
    },
    "impermanence": {
      "type": "GitHub",
      "fetchType": "tarball",
      "owner": "nix-community",
      "repo": "impermanence",
      "branch": "master",
      "revision": "7b1d382faf603b6d264f58627330f9faa5cba149",
      "url": "https://github.com/nix-community/impermanence/archive/7b1d382faf603b6d264f58627330f9faa5cba149.tar.gz",
      "hash": "sha256-03+JxvzmfwRu+5JafM0DLbxgHttOQZkUtDWBmeUkN8Y="
    },
    "matugen": {
      "type": "GitHub",
      "fetchType": "tarball",
      "owner": "InioX",
      "repo": "matugen",
      "branch": "main",
      "revision": "322cd48ca83d0fc0a983dac63054cc443db9c2d4",
      "url": "https://github.com/InioX/matugen/archive/322cd48ca83d0fc0a983dac63054cc443db9c2d4.tar.gz",
      "hash": "sha256-6b1p9DhnTmfHp/woOLV0rGpMi00/DkR0mWwlpWtYdmQ="
    },
    "microvm": {
      "type": "GitHub",
      "fetchType": "tarball",
      "owner": "microvm-nix",
      "repo": "microvm.nix",
      "branch": "main",
      "revision": "9d1ff9b53532908a5eba7707931c9093508b6b92",
      "url": "https://github.com/microvm-nix/microvm.nix/archive/9d1ff9b53532908a5eba7707931c9093508b6b92.tar.gz",
      "hash": "sha256-9XcwtSIL/c+pkC3SBNuxCJuSktFOBV1TLvvkhekyB8I="
    },
    "nix-cachyos-kernel": {
      "type": "GitHub",
      "fetchType": "tarball",
      "owner": "xddxdd",
      "repo": "nix-cachyos-kernel",
      "branch": "master",
      "revision": "e8fd643d687214fe86872535abebf3c74eab1a37",
      "url": "https://github.com/xddxdd/nix-cachyos-kernel/archive/e8fd643d687214fe86872535abebf3c74eab1a37.tar.gz",
      "hash": "sha256-YgPbdaolFOsAAL1hPTsyymhKfqo6i3PpqZDbP/eRRXE="
    },
    "nix-topology": {
      "type": "GitHub",
      "fetchType": "tarball",
      "owner": "oddlama",
      "repo": "nix-topology",
      "branch": "main",
      "revision": "b493b9b970388d79129ce1a92a6b060c9305386f",
      "url": "https://github.com/oddlama/nix-topology/archive/b493b9b970388d79129ce1a92a6b060c9305386f.tar.gz",
      "hash": "sha256-gFyFAFYYoNsvd6heI0XtDMIa4pnykjwDljS7dQm45uE="
    },
    "nixpkgs": {
      "type": "GitHub",
      "fetchType": "tarball",
      "owner": "nixos",
      "repo": "nixpkgs",
      "branch": "nixos-25.11",
      "revision": "c217913993d6c6f6805c3b1a3bda5e639adfde6d",
      "url": "https://github.com/nixos/nixpkgs/archive/c217913993d6c6f6805c3b1a3bda5e639adfde6d.tar.gz",
      "hash": "sha256-D1PA3xQv/s4W3lnR9yJFSld8UOLr0a/cBWMQMXS+1Qg="
    },
    "nixpkgs-stable": {
      "type": "GitHub",
      "fetchType": "tarball",
      "owner": "nixos",
      "repo": "nixpkgs",
      "branch": "nixos-25.11",
      "revision": "c217913993d6c6f6805c3b1a3bda5e639adfde6d",
      "url": "https://github.com/nixos/nixpkgs/archive/c217913993d6c6f6805c3b1a3bda5e639adfde6d.tar.gz",
      "hash": "sha256-D1PA3xQv/s4W3lnR9yJFSld8UOLr0a/cBWMQMXS+1Qg="
    },
    "nixpkgs-unstable": {
      "type": "GitHub",
      "fetchType": "tarball",
      "owner": "nixos",
      "repo": "nixpkgs",
      "branch": "nixos-unstable",
      "revision": "0182a361324364ae3f436a63005877674cf45efb",
      "url": "https://github.com/nixos/nixpkgs/archive/0182a361324364ae3f436a63005877674cf45efb.tar.gz",
      "hash": "sha256-0NBlEBKkN3lufyvFegY4TYv5mCNHbi5OmBDrzihbBMQ="
    },
    "quadlet": {
      "type": "GitHub",
      "fetchType": "tarball",
      "owner": "SEIAROTg",
      "repo": "quadlet-nix",
      "branch": "main",
      "revision": "f4ae60350ea6015b6560cbd0e1f11f7e195c993d",
      "url": "https://github.com/SEIAROTg/quadlet-nix/archive/f4ae60350ea6015b6560cbd0e1f11f7e195c993d.tar.gz",
      "hash": "sha256-6pOOPOQr4rtgShBtkLkSDTql5rRqcUgTRz8O+axK2eM="
    },
    "secrets": {
      "type": "GitHub",
      "fetchType": "tarball",
      "owner": "adamarbour",
      "repo": "woolong-poker-night",
      "branch": "main",
      "revision": "3f647eb9bfefe66bc2987119b67ca7173a748edf",
      "url": "https://github.com/adamarbour/woolong-poker-night/archive/3f647eb9bfefe66bc2987119b67ca7173a748edf.tar.gz",
      "hash": "sha256-U3crD/3vHhMqlqQL82vfyae/Q/nRzBMFzkRNDrYhces="
    },
    "sops-nix": {
      "type": "GitHub",
      "fetchType": "tarball",
      "owner": "Mic92",
      "repo": "sops-nix",
      "branch": "master",
      "revision": "e85540ffe97322dc1fea14dd11cdc2f59d540ac7",
      "url": "https://github.com/Mic92/sops-nix/archive/e85540ffe97322dc1fea14dd11cdc2f59d540ac7.tar.gz",
      "hash": "sha256-eksVUcUsfS9mQx4D9DrYu88u9w70bAf+n6KmTDuIGEE="
    }
  }
}
