{
  "version": "1",
  "sources": {
    "catppuccin-sddm": {
      "type": "GitHub",
      "fetchType": "tarball",
      "owner": "catppuccin",
      "repo": "where-is-my-sddm-theme",
      "branch": "main",
      "revision": "82a36df79ab596b9fbe85c86d3c2f3a1e39433af",
      "url": "https://github.com/catppuccin/where-is-my-sddm-theme/archive/82a36df79ab596b9fbe85c86d3c2f3a1e39433af.tar.gz",
      "hash": "sha256-f6d7bJoSbFzEhAIfilxNLQGtAMQWTtUTube/pTqP7AY="
    },
    "colmena": {
      "type": "GitHub",
      "fetchType": "tarball",
      "owner": "zhaofengli",
      "repo": "colmena",
      "branch": "stable",
      "revision": "5fdd743a11e7291bd8ac1e169d62ba6156c99be4",
      "url": "https://github.com/zhaofengli/colmena/archive/5fdd743a11e7291bd8ac1e169d62ba6156c99be4.tar.gz",
      "hash": "sha256-01bfuSY4gnshhtqA1EJCw2CMsKkAx+dHS+sEpQ2+EAQ="
    },
    "direnv-instant": {
      "type": "GitHub",
      "fetchType": "tarball",
      "owner": "Mic92",
      "repo": "direnv-instant",
      "branch": "main",
      "revision": "15f9db17c665d52647713e38a9a0c360063b2ab8",
      "url": "https://github.com/Mic92/direnv-instant/archive/15f9db17c665d52647713e38a9a0c360063b2ab8.tar.gz",
      "hash": "sha256-sXys108R/QOBnnItvdahRSCm5xzgP3GMvisHXEL7WGw="
    },
    "disko": {
      "type": "GitHub",
      "fetchType": "tarball",
      "owner": "nix-community",
      "repo": "disko",
      "branch": "master",
      "revision": "7b9f7f88ab3b339f8142dc246445abb3c370d3d3",
      "url": "https://github.com/nix-community/disko/archive/7b9f7f88ab3b339f8142dc246445abb3c370d3d3.tar.gz",
      "hash": "sha256-khlHllTsovXgT2GZ0WxT4+RvuMjNeR5OW0UYeEHPYQo="
    },
    "flake-compat": {
      "type": "GitHub",
      "fetchType": "tarball",
      "owner": "nixos",
      "repo": "flake-compat",
      "branch": "master",
      "revision": "5edf11c44bc78a0d334f6334cdaf7d60d732daab",
      "url": "https://github.com/nixos/flake-compat/archive/5edf11c44bc78a0d334f6334cdaf7d60d732daab.tar.gz",
      "hash": "sha256-vNpUSpF5Nuw8xvDLj2KCwwksIbjua2LZCqhV1LNRDns="
    },
    "home-manager": {
      "type": "GitHub",
      "fetchType": "tarball",
      "owner": "nix-community",
      "repo": "home-manager",
      "branch": "release-25.11",
      "revision": "8f736f007139d7f70752657dff6a401a585d6cbc",
      "url": "https://github.com/nix-community/home-manager/archive/8f736f007139d7f70752657dff6a401a585d6cbc.tar.gz",
      "hash": "sha256-FdrNykOoY9VStevU4zjSUdvsL9SzJTcXt4omdEDZDLk="
    },
    "impermanence": {
      "type": "GitHub",
      "fetchType": "tarball",
      "owner": "nix-community",
      "repo": "impermanence",
      "branch": "master",
      "revision": "7b1d382faf603b6d264f58627330f9faa5cba149",
      "url": "https://github.com/nix-community/impermanence/archive/7b1d382faf603b6d264f58627330f9faa5cba149.tar.gz",
      "hash": "sha256-03+JxvzmfwRu+5JafM0DLbxgHttOQZkUtDWBmeUkN8Y="
    },
    "lanzaboote": {
      "type": "GitHub",
      "fetchType": "tarball",
      "owner": "nix-community",
      "repo": "lanzaboote",
      "branch": "master",
      "revision": "dbe5112de965bbbbff9f0729a9789c20a65ab047",
      "url": "https://github.com/nix-community/lanzaboote/archive/dbe5112de965bbbbff9f0729a9789c20a65ab047.tar.gz",
      "hash": "sha256-1TnGN26vnCEQk5m4AavJZxGZTb/6aZyphemRPRwFUfs="
    },
    "mango": {
      "type": "GitHub",
      "fetchType": "tarball",
      "owner": "mangowm",
      "repo": "mango",
      "branch": "main",
      "revision": "db30977196b91cfe2e5db8e9829faafe13417bd9",
      "url": "https://github.com/mangowm/mango/archive/db30977196b91cfe2e5db8e9829faafe13417bd9.tar.gz",
      "hash": "sha256-tH1yy1LQYtmGWnCU7whsdX0iGpc2dvaJ+7p6rvuKkHg="
    },
    "matugen": {
      "type": "GitHub",
      "fetchType": "tarball",
      "owner": "InioX",
      "repo": "matugen",
      "branch": "main",
      "revision": "17424d666b6730ccca9032bd7a358ba26cb8efb1",
      "url": "https://github.com/InioX/matugen/archive/17424d666b6730ccca9032bd7a358ba26cb8efb1.tar.gz",
      "hash": "sha256-OpzHn+UxSE0Tm3gKeKPM3V9GneQAWYElocBWyCKeVrw="
    },
    "microvm": {
      "type": "GitHub",
      "fetchType": "tarball",
      "owner": "microvm-nix",
      "repo": "microvm.nix",
      "branch": "main",
      "revision": "25ebda3c558e923720c965832dc9a04f559a055c",
      "url": "https://github.com/microvm-nix/microvm.nix/archive/25ebda3c558e923720c965832dc9a04f559a055c.tar.gz",
      "hash": "sha256-fpgZBmZpKoEXEowBK/6m8g9FcOLWQ4UxhXHqCw2CpSM="
    },
    "nix-cachyos-kernel": {
      "type": "GitHub",
      "fetchType": "tarball",
      "owner": "xddxdd",
      "repo": "nix-cachyos-kernel",
      "branch": "master",
      "revision": "6f31cdcda587e4fc80beb5b20fcbe7625bf551bc",
      "url": "https://github.com/xddxdd/nix-cachyos-kernel/archive/6f31cdcda587e4fc80beb5b20fcbe7625bf551bc.tar.gz",
      "hash": "sha256-sFBCIfD2TUnqPU+Ip/e625iGwS6rzqgiEo4H5vR0mLA="
    },
    "nix-topology": {
      "type": "GitHub",
      "fetchType": "tarball",
      "owner": "oddlama",
      "repo": "nix-topology",
      "branch": "main",
      "revision": "b493b9b970388d79129ce1a92a6b060c9305386f",
      "url": "https://github.com/oddlama/nix-topology/archive/b493b9b970388d79129ce1a92a6b060c9305386f.tar.gz",
      "hash": "sha256-gFyFAFYYoNsvd6heI0XtDMIa4pnykjwDljS7dQm45uE="
    },
    "nixpkgs": {
      "type": "GitHub",
      "fetchType": "tarball",
      "owner": "nixos",
      "repo": "nixpkgs",
      "branch": "nixos-25.11",
      "revision": "71caefce12ba78d84fe618cf61644dce01cf3a96",
      "url": "https://github.com/nixos/nixpkgs/archive/71caefce12ba78d84fe618cf61644dce01cf3a96.tar.gz",
      "hash": "sha256-yf3iYLGbGVlIthlQIk5/4/EQDZNNEmuqKZkQssMljuw="
    },
    "nixpkgs-stable": {
      "type": "GitHub",
      "fetchType": "tarball",
      "owner": "nixos",
      "repo": "nixpkgs",
      "branch": "nixos-25.11",
      "revision": "71caefce12ba78d84fe618cf61644dce01cf3a96",
      "url": "https://github.com/nixos/nixpkgs/archive/71caefce12ba78d84fe618cf61644dce01cf3a96.tar.gz",
      "hash": "sha256-yf3iYLGbGVlIthlQIk5/4/EQDZNNEmuqKZkQssMljuw="
    },
    "nixpkgs-unstable": {
      "type": "GitHub",
      "fetchType": "tarball",
      "owner": "nixos",
      "repo": "nixpkgs",
      "branch": "nixos-unstable",
      "revision": "9dcb002ca1690658be4a04645215baea8b95f31d",
      "url": "https://github.com/nixos/nixpkgs/archive/9dcb002ca1690658be4a04645215baea8b95f31d.tar.gz",
      "hash": "sha256-9jVDGZnvCckTGdYT53d/EfznygLskyLQXYwJLKMPsZs="
    },
    "quadlet": {
      "type": "GitHub",
      "fetchType": "tarball",
      "owner": "SEIAROTg",
      "repo": "quadlet-nix",
      "branch": "main",
      "revision": "f4ae60350ea6015b6560cbd0e1f11f7e195c993d",
      "url": "https://github.com/SEIAROTg/quadlet-nix/archive/f4ae60350ea6015b6560cbd0e1f11f7e195c993d.tar.gz",
      "hash": "sha256-6pOOPOQr4rtgShBtkLkSDTql5rRqcUgTRz8O+axK2eM="
    },
    "secrets": {
      "type": "GitHub",
      "fetchType": "tarball",
      "owner": "adamarbour",
      "repo": "woolong-poker-night",
      "branch": "main",
      "revision": "bb4daeaf05387255c39fba7c5397e048fc7060d9",
      "url": "https://github.com/adamarbour/woolong-poker-night/archive/bb4daeaf05387255c39fba7c5397e048fc7060d9.tar.gz",
      "hash": "sha256-BhsPiLiSDMlrr6H+5Xz/ul81KvLSn43rE6A+AXIoq7A="
    },
    "sops-nix": {
      "type": "GitHub",
      "fetchType": "tarball",
      "owner": "Mic92",
      "repo": "sops-nix",
      "branch": "master",
      "revision": "d1ff3b1034d5bab5d7d8086a7803c5a5968cd784",
      "url": "https://github.com/Mic92/sops-nix/archive/d1ff3b1034d5bab5d7d8086a7803c5a5968cd784.tar.gz",
      "hash": "sha256-M3zEnq9OElB7zqc+mjgPlByPm1O5t2fbUrH3t/Hm5Ag="
    }
  }
}
